{
  "nodes": {
    "home-manager": {
      "inputs": {
        "nixpkgs": [
          "nixpkgs"
        ]
      },
      "locked": {
        "lastModified": 1733045511,
        "narHash": "sha256-n8AldXJRNVMm2UZ6yN0HwVxlARY2Cm/uhdOw76tQ0OI=",
        "owner": "nix-community",
        "repo": "home-manager",
        "rev": "4964f3c6fc17ae4578e762d3dc86b10fe890860e",
        "type": "github"
      },
      "original": {
        "owner": "nix-community",
        "repo": "home-manager",
        "type": "github"
      }
    },
    "nixpkgs": {
      "locked": {
        "lastModified": 1733051162,
        "narHash": "sha256-lgALHzwMM2qWKBGoOfSCQ+J+P7CvfRQTQdaHsX8HeGc=",
        "owner": "nixos",
        "repo": "nixpkgs",
        "rev": "aa3e602431593f4b83a3b71aaf0b84fbde8f1a4b",
        "type": "github"
      },
      "original": {
        "owner": "nixos",
        "ref": "master",
        "repo": "nixpkgs",
        "type": "github"
      }
    },
    "root": {
      "inputs": {
        "home-manager": "home-manager",
        "nixpkgs": "nixpkgs"
      }
    }
  },
  "root": "root",
  "version": 7
}
